// !$*UTF8*$!
{
	archiveVersion = 1;
	classes = {
	};
	objectVersion = 46;
	objects = {

/* Begin PBXBuildFile section */
		184059AA1B56C2D9005030E4 /* DateHelper.swift in Sources */ = {isa = PBXBuildFile; fileRef = 184059A91B56C2D9005030E4 /* DateHelper.swift */; };
		184059AC1B56DDF8005030E4 /* RecentFact.swift in Sources */ = {isa = PBXBuildFile; fileRef = 184059AB1B56DDF8005030E4 /* RecentFact.swift */; };
		184059B01B571F3B005030E4 /* MoreInfoViewController.swift in Sources */ = {isa = PBXBuildFile; fileRef = 184059AF1B571F3B005030E4 /* MoreInfoViewController.swift */; };
		184C6F031B51CAF00072B76E /* FactOfTheDayViewController.swift in Sources */ = {isa = PBXBuildFile; fileRef = 184C6F021B51CAF00072B76E /* FactOfTheDayViewController.swift */; };
		184C6F061B51CD2B0072B76E /* Fact.swift in Sources */ = {isa = PBXBuildFile; fileRef = 184C6F051B51CD2B0072B76E /* Fact.swift */; };
		184C6F1F1B547E660072B76E /* RecentFactsTableViewController.swift in Sources */ = {isa = PBXBuildFile; fileRef = 184C6F1E1B547E660072B76E /* RecentFactsTableViewController.swift */; };
		184C6F241B547EF50072B76E /* RecentFactTableViewCell.swift in Sources */ = {isa = PBXBuildFile; fileRef = 184C6F231B547EF50072B76E /* RecentFactTableViewCell.swift */; };
		184C6F261B55B3A40072B76E /* LearnMoreViewController.swift in Sources */ = {isa = PBXBuildFile; fileRef = 184C6F251B55B3A40072B76E /* LearnMoreViewController.swift */; };
		185F30301B50CCB5008AB77B /* AppDelegate.swift in Sources */ = {isa = PBXBuildFile; fileRef = 185F302F1B50CCB5008AB77B /* AppDelegate.swift */; };
		185F30351B50CCB5008AB77B /* Main.storyboard in Resources */ = {isa = PBXBuildFile; fileRef = 185F30331B50CCB5008AB77B /* Main.storyboard */; };
		185F30371B50CCB5008AB77B /* Images.xcassets in Resources */ = {isa = PBXBuildFile; fileRef = 185F30361B50CCB5008AB77B /* Images.xcassets */; };
		185F303A1B50CCB5008AB77B /* LaunchScreen.xib in Resources */ = {isa = PBXBuildFile; fileRef = 185F30381B50CCB5008AB77B /* LaunchScreen.xib */; };
		185F30461B50CCB5008AB77B /* TipsTests.swift in Sources */ = {isa = PBXBuildFile; fileRef = 185F30451B50CCB5008AB77B /* TipsTests.swift */; };
		804CC3BC03D7CFC689684F80 /* Pods_Tips.framework in Frameworks */ = {isa = PBXBuildFile; fileRef = AE3868250FCE7AFE730AA7BD /* Pods_Tips.framework */; settings = {ATTRIBUTES = (Weak, ); }; };
/* End PBXBuildFile section */

/* Begin PBXContainerItemProxy section */
		185F30401B50CCB5008AB77B /* PBXContainerItemProxy */ = {
			isa = PBXContainerItemProxy;
			containerPortal = 185F30221B50CCB5008AB77B /* Project object */;
			proxyType = 1;
			remoteGlobalIDString = 185F30291B50CCB5008AB77B;
			remoteInfo = Tips;
		};
/* End PBXContainerItemProxy section */

/* Begin PBXFileReference section */
		184059A91B56C2D9005030E4 /* DateHelper.swift */ = {isa = PBXFileReference; fileEncoding = 4; lastKnownFileType = sourcecode.swift; path = DateHelper.swift; sourceTree = "<group>"; };
		184059AB1B56DDF8005030E4 /* RecentFact.swift */ = {isa = PBXFileReference; fileEncoding = 4; lastKnownFileType = sourcecode.swift; path = RecentFact.swift; sourceTree = "<group>"; };
		184059AF1B571F3B005030E4 /* MoreInfoViewController.swift */ = {isa = PBXFileReference; fileEncoding = 4; lastKnownFileType = sourcecode.swift; path = MoreInfoViewController.swift; sourceTree = "<group>"; };
		184C6F021B51CAF00072B76E /* FactOfTheDayViewController.swift */ = {isa = PBXFileReference; fileEncoding = 4; lastKnownFileType = sourcecode.swift; path = FactOfTheDayViewController.swift; sourceTree = "<group>"; };
		184C6F051B51CD2B0072B76E /* Fact.swift */ = {isa = PBXFileReference; fileEncoding = 4; lastKnownFileType = sourcecode.swift; path = Fact.swift; sourceTree = "<group>"; };
		184C6F1E1B547E660072B76E /* RecentFactsTableViewController.swift */ = {isa = PBXFileReference; fileEncoding = 4; lastKnownFileType = sourcecode.swift; path = RecentFactsTableViewController.swift; sourceTree = "<group>"; };
		184C6F231B547EF50072B76E /* RecentFactTableViewCell.swift */ = {isa = PBXFileReference; fileEncoding = 4; lastKnownFileType = sourcecode.swift; path = RecentFactTableViewCell.swift; sourceTree = "<group>"; };
		184C6F251B55B3A40072B76E /* LearnMoreViewController.swift */ = {isa = PBXFileReference; fileEncoding = 4; lastKnownFileType = sourcecode.swift; path = LearnMoreViewController.swift; sourceTree = "<group>"; };
		185F302A1B50CCB5008AB77B /* Tips.app */ = {isa = PBXFileReference; explicitFileType = wrapper.application; includeInIndex = 0; path = Tips.app; sourceTree = BUILT_PRODUCTS_DIR; };
		185F302E1B50CCB5008AB77B /* Info.plist */ = {isa = PBXFileReference; lastKnownFileType = text.plist.xml; path = Info.plist; sourceTree = "<group>"; };
		185F302F1B50CCB5008AB77B /* AppDelegate.swift */ = {isa = PBXFileReference; lastKnownFileType = sourcecode.swift; path = AppDelegate.swift; sourceTree = "<group>"; };
		185F30341B50CCB5008AB77B /* Base */ = {isa = PBXFileReference; lastKnownFileType = file.storyboard; name = Base; path = Base.lproj/Main.storyboard; sourceTree = "<group>"; };
		185F30361B50CCB5008AB77B /* Images.xcassets */ = {isa = PBXFileReference; lastKnownFileType = folder.assetcatalog; path = Images.xcassets; sourceTree = "<group>"; };
		185F30391B50CCB5008AB77B /* Base */ = {isa = PBXFileReference; lastKnownFileType = file.xib; name = Base; path = Base.lproj/LaunchScreen.xib; sourceTree = "<group>"; };
		185F303F1B50CCB5008AB77B /* TipsTests.xctest */ = {isa = PBXFileReference; explicitFileType = wrapper.cfbundle; includeInIndex = 0; path = TipsTests.xctest; sourceTree = BUILT_PRODUCTS_DIR; };
		185F30441B50CCB5008AB77B /* Info.plist */ = {isa = PBXFileReference; lastKnownFileType = text.plist.xml; path = Info.plist; sourceTree = "<group>"; };
		185F30451B50CCB5008AB77B /* TipsTests.swift */ = {isa = PBXFileReference; lastKnownFileType = sourcecode.swift; path = TipsTests.swift; sourceTree = "<group>"; };
		7DF1B32C7FE593191CAF8978 /* Pods-Tips.debug.xcconfig */ = {isa = PBXFileReference; includeInIndex = 1; lastKnownFileType = text.xcconfig; name = "Pods-Tips.debug.xcconfig"; path = "Pods/Target Support Files/Pods-Tips/Pods-Tips.debug.xcconfig"; sourceTree = "<group>"; };
		85A4C09C341DE82BCCDAEF1A /* Pods-Tips.release.xcconfig */ = {isa = PBXFileReference; includeInIndex = 1; lastKnownFileType = text.xcconfig; name = "Pods-Tips.release.xcconfig"; path = "Pods/Target Support Files/Pods-Tips/Pods-Tips.release.xcconfig"; sourceTree = "<group>"; };
		AE3868250FCE7AFE730AA7BD /* Pods_Tips.framework */ = {isa = PBXFileReference; explicitFileType = wrapper.framework; includeInIndex = 0; path = Pods_Tips.framework; sourceTree = BUILT_PRODUCTS_DIR; };
/* End PBXFileReference section */

/* Begin PBXFrameworksBuildPhase section */
		185F30271B50CCB5008AB77B /* Frameworks */ = {
			isa = PBXFrameworksBuildPhase;
			buildActionMask = 2147483647;
			files = (
				804CC3BC03D7CFC689684F80 /* Pods_Tips.framework in Frameworks */,
			);
			runOnlyForDeploymentPostprocessing = 0;
		};
		185F303C1B50CCB5008AB77B /* Frameworks */ = {
			isa = PBXFrameworksBuildPhase;
			buildActionMask = 2147483647;
			files = (
			);
			runOnlyForDeploymentPostprocessing = 0;
		};
/* End PBXFrameworksBuildPhase section */

/* Begin PBXGroup section */
		184059A81B56C2BD005030E4 /* Helpers */ = {
			isa = PBXGroup;
			children = (
				184059A91B56C2D9005030E4 /* DateHelper.swift */,
			);
			path = Helpers;
			sourceTree = "<group>";
		};
		184C6EF01B50D4440072B76E /* View Controllers */ = {
			isa = PBXGroup;
			children = (
				184C6F021B51CAF00072B76E /* FactOfTheDayViewController.swift */,
				184C6F1E1B547E660072B76E /* RecentFactsTableViewController.swift */,
				184C6F251B55B3A40072B76E /* LearnMoreViewController.swift */,
				184059AF1B571F3B005030E4 /* MoreInfoViewController.swift */,
			);
			path = "View Controllers";
			sourceTree = "<group>";
		};
		184C6F041B51CD1B0072B76E /* Models */ = {
			isa = PBXGroup;
			children = (
				184059AB1B56DDF8005030E4 /* RecentFact.swift */,
				184C6F051B51CD2B0072B76E /* Fact.swift */,
			);
			path = Models;
			sourceTree = "<group>";
		};
		184C6F221B547ED40072B76E /* TableViewCells */ = {
			isa = PBXGroup;
			children = (
				184C6F231B547EF50072B76E /* RecentFactTableViewCell.swift */,
			);
			path = TableViewCells;
			sourceTree = "<group>";
		};
		185F30211B50CCB5008AB77B = {
			isa = PBXGroup;
			children = (
				185F302C1B50CCB5008AB77B /* Tips */,
				185F30421B50CCB5008AB77B /* TipsTests */,
				185F302B1B50CCB5008AB77B /* Products */,
				F5B1D69E8DC75751435DAD2B /* Pods */,
				FE62FDAF0A2B9F571E5F22E2 /* Frameworks */,
			);
			sourceTree = "<group>";
		};
		185F302B1B50CCB5008AB77B /* Products */ = {
			isa = PBXGroup;
			children = (
				185F302A1B50CCB5008AB77B /* Tips.app */,
				185F303F1B50CCB5008AB77B /* TipsTests.xctest */,
			);
			name = Products;
			sourceTree = "<group>";
		};
		185F302C1B50CCB5008AB77B /* Tips */ = {
			isa = PBXGroup;
			children = (
				184059A81B56C2BD005030E4 /* Helpers */,
				184C6F221B547ED40072B76E /* TableViewCells */,
				184C6F041B51CD1B0072B76E /* Models */,
				184C6EF01B50D4440072B76E /* View Controllers */,
				185F302F1B50CCB5008AB77B /* AppDelegate.swift */,
				185F30331B50CCB5008AB77B /* Main.storyboard */,
				185F30361B50CCB5008AB77B /* Images.xcassets */,
				185F30381B50CCB5008AB77B /* LaunchScreen.xib */,
				185F302D1B50CCB5008AB77B /* Supporting Files */,
			);
			path = Tips;
			sourceTree = "<group>";
		};
		185F302D1B50CCB5008AB77B /* Supporting Files */ = {
			isa = PBXGroup;
			children = (
				185F302E1B50CCB5008AB77B /* Info.plist */,
			);
			name = "Supporting Files";
			sourceTree = "<group>";
		};
		185F30421B50CCB5008AB77B /* TipsTests */ = {
			isa = PBXGroup;
			children = (
				185F30451B50CCB5008AB77B /* TipsTests.swift */,
				185F30431B50CCB5008AB77B /* Supporting Files */,
			);
			path = TipsTests;
			sourceTree = "<group>";
		};
		185F30431B50CCB5008AB77B /* Supporting Files */ = {
			isa = PBXGroup;
			children = (
				185F30441B50CCB5008AB77B /* Info.plist */,
			);
			name = "Supporting Files";
			sourceTree = "<group>";
		};
		F5B1D69E8DC75751435DAD2B /* Pods */ = {
			isa = PBXGroup;
			children = (
				7DF1B32C7FE593191CAF8978 /* Pods-Tips.debug.xcconfig */,
				85A4C09C341DE82BCCDAEF1A /* Pods-Tips.release.xcconfig */,
			);
			name = Pods;
			sourceTree = "<group>";
		};
		FE62FDAF0A2B9F571E5F22E2 /* Frameworks */ = {
			isa = PBXGroup;
			children = (
				AE3868250FCE7AFE730AA7BD /* Pods_Tips.framework */,
			);
			name = Frameworks;
			sourceTree = "<group>";
		};
/* End PBXGroup section */

/* Begin PBXNativeTarget section */
		185F30291B50CCB5008AB77B /* Tips */ = {
			isa = PBXNativeTarget;
			buildConfigurationList = 185F30491B50CCB5008AB77B /* Build configuration list for PBXNativeTarget "Tips" */;
			buildPhases = (
				32BAB5F8A0ABD8F04C7F6E86 /* Check Pods Manifest.lock */,
				185F30261B50CCB5008AB77B /* Sources */,
				185F30271B50CCB5008AB77B /* Frameworks */,
				185F30281B50CCB5008AB77B /* Resources */,
				A9786A80880AC9904239EED8 /* Embed Pods Frameworks */,
				BB39103068AB0AAF5C604A57 /* Copy Pods Resources */,
			);
			buildRules = (
			);
			dependencies = (
			);
			name = Tips;
			productName = Tips;
			productReference = 185F302A1B50CCB5008AB77B /* Tips.app */;
			productType = "com.apple.product-type.application";
		};
		185F303E1B50CCB5008AB77B /* TipsTests */ = {
			isa = PBXNativeTarget;
			buildConfigurationList = 185F304C1B50CCB5008AB77B /* Build configuration list for PBXNativeTarget "TipsTests" */;
			buildPhases = (
				185F303B1B50CCB5008AB77B /* Sources */,
				185F303C1B50CCB5008AB77B /* Frameworks */,
				185F303D1B50CCB5008AB77B /* Resources */,
			);
			buildRules = (
			);
			dependencies = (
				185F30411B50CCB5008AB77B /* PBXTargetDependency */,
			);
			name = TipsTests;
			productName = TipsTests;
			productReference = 185F303F1B50CCB5008AB77B /* TipsTests.xctest */;
			productType = "com.apple.product-type.bundle.unit-test";
		};
/* End PBXNativeTarget section */

/* Begin PBXProject section */
		185F30221B50CCB5008AB77B /* Project object */ = {
			isa = PBXProject;
			attributes = {
				LastUpgradeCheck = 0640;
				ORGANIZATIONNAME = BrownDogLabs;
				TargetAttributes = {
					185F30291B50CCB5008AB77B = {
						CreatedOnToolsVersion = 6.4;
					};
					185F303E1B50CCB5008AB77B = {
						CreatedOnToolsVersion = 6.4;
						TestTargetID = 185F30291B50CCB5008AB77B;
					};
				};
			};
			buildConfigurationList = 185F30251B50CCB5008AB77B /* Build configuration list for PBXProject "Tips" */;
			compatibilityVersion = "Xcode 3.2";
			developmentRegion = English;
			hasScannedForEncodings = 0;
			knownRegions = (
				en,
				Base,
			);
			mainGroup = 185F30211B50CCB5008AB77B;
			productRefGroup = 185F302B1B50CCB5008AB77B /* Products */;
			projectDirPath = "";
			projectRoot = "";
			targets = (
				185F30291B50CCB5008AB77B /* Tips */,
				185F303E1B50CCB5008AB77B /* TipsTests */,
			);
		};
/* End PBXProject section */

/* Begin PBXResourcesBuildPhase section */
		185F30281B50CCB5008AB77B /* Resources */ = {
			isa = PBXResourcesBuildPhase;
			buildActionMask = 2147483647;
			files = (
				185F30351B50CCB5008AB77B /* Main.storyboard in Resources */,
				185F303A1B50CCB5008AB77B /* LaunchScreen.xib in Resources */,
				185F30371B50CCB5008AB77B /* Images.xcassets in Resources */,
			);
			runOnlyForDeploymentPostprocessing = 0;
		};
		185F303D1B50CCB5008AB77B /* Resources */ = {
			isa = PBXResourcesBuildPhase;
			buildActionMask = 2147483647;
			files = (
			);
			runOnlyForDeploymentPostprocessing = 0;
		};
/* End PBXResourcesBuildPhase section */

/* Begin PBXShellScriptBuildPhase section */
		32BAB5F8A0ABD8F04C7F6E86 /* Check Pods Manifest.lock */ = {
			isa = PBXShellScriptBuildPhase;
			buildActionMask = 2147483647;
			files = (
			);
			inputPaths = (
			);
			name = "Check Pods Manifest.lock";
			outputPaths = (
			);
			runOnlyForDeploymentPostprocessing = 0;
			shellPath = /bin/sh;
			shellScript = "diff \"${PODS_ROOT}/../Podfile.lock\" \"${PODS_ROOT}/Manifest.lock\" > /dev/null\nif [[ $? != 0 ]] ; then\n    cat << EOM\nerror: The sandbox is not in sync with the Podfile.lock. Run 'pod install' or update your CocoaPods installation.\nEOM\n    exit 1\nfi\n";
			showEnvVarsInLog = 0;
		};
		A9786A80880AC9904239EED8 /* Embed Pods Frameworks */ = {
			isa = PBXShellScriptBuildPhase;
			buildActionMask = 2147483647;
			files = (
			);
			inputPaths = (
			);
			name = "Embed Pods Frameworks";
			outputPaths = (
			);
			runOnlyForDeploymentPostprocessing = 0;
			shellPath = /bin/sh;
			shellScript = "\"${SRCROOT}/Pods/Target Support Files/Pods-Tips/Pods-Tips-frameworks.sh\"\n";
			showEnvVarsInLog = 0;
		};
		BB39103068AB0AAF5C604A57 /* Copy Pods Resources */ = {
			isa = PBXShellScriptBuildPhase;
			buildActionMask = 2147483647;
			files = (
			);
			inputPaths = (
			);
			name = "Copy Pods Resources";
			outputPaths = (
			);
			runOnlyForDeploymentPostprocessing = 0;
			shellPath = /bin/sh;
			shellScript = "\"${SRCROOT}/Pods/Target Support Files/Pods-Tips/Pods-Tips-resources.sh\"\n";
			showEnvVarsInLog = 0;
		};
/* End PBXShellScriptBuildPhase section */

/* Begin PBXSourcesBuildPhase section */
		185F30261B50CCB5008AB77B /* Sources */ = {
			isa = PBXSourcesBuildPhase;
			buildActionMask = 2147483647;
			files = (
				184C6F261B55B3A40072B76E /* LearnMoreViewController.swift in Sources */,
				184059AA1B56C2D9005030E4 /* DateHelper.swift in Sources */,
				184059AC1B56DDF8005030E4 /* RecentFact.swift in Sources */,
				184C6F031B51CAF00072B76E /* FactOfTheDayViewController.swift in Sources */,
				184C6F061B51CD2B0072B76E /* Fact.swift in Sources */,
				184C6F1F1B547E660072B76E /* RecentFactsTableViewController.swift in Sources */,
				184059B01B571F3B005030E4 /* MoreInfoViewController.swift in Sources */,
				184C6F241B547EF50072B76E /* RecentFactTableViewCell.swift in Sources */,
				185F30301B50CCB5008AB77B /* AppDelegate.swift in Sources */,
			);
			runOnlyForDeploymentPostprocessing = 0;
		};
		185F303B1B50CCB5008AB77B /* Sources */ = {
			isa = PBXSourcesBuildPhase;
			buildActionMask = 2147483647;
			files = (
				185F30461B50CCB5008AB77B /* TipsTests.swift in Sources */,
			);
			runOnlyForDeploymentPostprocessing = 0;
		};
/* End PBXSourcesBuildPhase section */

/* Begin PBXTargetDependency section */
		185F30411B50CCB5008AB77B /* PBXTargetDependency */ = {
			isa = PBXTargetDependency;
			target = 185F30291B50CCB5008AB77B /* Tips */;
			targetProxy = 185F30401B50CCB5008AB77B /* PBXContainerItemProxy */;
		};
/* End PBXTargetDependency section */

/* Begin PBXVariantGroup section */
		185F30331B50CCB5008AB77B /* Main.storyboard */ = {
			isa = PBXVariantGroup;
			children = (
				185F30341B50CCB5008AB77B /* Base */,
			);
			name = Main.storyboard;
			sourceTree = "<group>";
		};
		185F30381B50CCB5008AB77B /* LaunchScreen.xib */ = {
			isa = PBXVariantGroup;
			children = (
				185F30391B50CCB5008AB77B /* Base */,
			);
			name = LaunchScreen.xib;
			sourceTree = "<group>";
		};
/* End PBXVariantGroup section */

/* Begin XCBuildConfiguration section */
		185F30471B50CCB5008AB77B /* Debug */ = {
			isa = XCBuildConfiguration;
			buildSettings = {
				ALWAYS_SEARCH_USER_PATHS = NO;
				CLANG_CXX_LANGUAGE_STANDARD = "gnu++0x";
				CLANG_CXX_LIBRARY = "libc++";
				CLANG_ENABLE_MODULES = YES;
				CLANG_ENABLE_OBJC_ARC = YES;
				CLANG_WARN_BOOL_CONVERSION = YES;
				CLANG_WARN_CONSTANT_CONVERSION = YES;
				CLANG_WARN_DIRECT_OBJC_ISA_USAGE = YES_ERROR;
				CLANG_WARN_EMPTY_BODY = YES;
				CLANG_WARN_ENUM_CONVERSION = YES;
				CLANG_WARN_INT_CONVERSION = YES;
				CLANG_WARN_OBJC_ROOT_CLASS = YES_ERROR;
				CLANG_WARN_UNREACHABLE_CODE = YES;
				CLANG_WARN__DUPLICATE_METHOD_MATCH = YES;
				"CODE_SIGN_IDENTITY[sdk=iphoneos*]" = "iPhone Developer";
				COPY_PHASE_STRIP = NO;
				DEBUG_INFORMATION_FORMAT = "dwarf-with-dsym";
				ENABLE_STRICT_OBJC_MSGSEND = YES;
				GCC_C_LANGUAGE_STANDARD = gnu99;
				GCC_DYNAMIC_NO_PIC = NO;
				GCC_NO_COMMON_BLOCKS = YES;
				GCC_OPTIMIZATION_LEVEL = 0;
				GCC_PREPROCESSOR_DEFINITIONS = (
					"DEBUG=1",
					"$(inherited)",
				);
				GCC_SYMBOLS_PRIVATE_EXTERN = NO;
				GCC_WARN_64_TO_32_BIT_CONVERSION = YES;
				GCC_WARN_ABOUT_RETURN_TYPE = YES_ERROR;
				GCC_WARN_UNDECLARED_SELECTOR = YES;
				GCC_WARN_UNINITIALIZED_AUTOS = YES_AGGRESSIVE;
				GCC_WARN_UNUSED_FUNCTION = YES;
				GCC_WARN_UNUSED_VARIABLE = YES;
				IPHONEOS_DEPLOYMENT_TARGET = 8.4;
				MTL_ENABLE_DEBUG_INFO = YES;
				ONLY_ACTIVE_ARCH = YES;
				SDKROOT = iphoneos;
				SWIFT_OPTIMIZATION_LEVEL = "-Onone";
				TARGETED_DEVICE_FAMILY = "1,2";
			};
			name = Debug;
		};
		185F30481B50CCB5008AB77B /* Release */ = {
			isa = XCBuildConfiguration;
			buildSettings = {
				ALWAYS_SEARCH_USER_PATHS = NO;
				CLANG_CXX_LANGUAGE_STANDARD = "gnu++0x";
				CLANG_CXX_LIBRARY = "libc++";
				CLANG_ENABLE_MODULES = YES;
				CLANG_ENABLE_OBJC_ARC = YES;
				CLANG_WARN_BOOL_CONVERSION = YES;
				CLANG_WARN_CONSTANT_CONVERSION = YES;
				CLANG_WARN_DIRECT_OBJC_ISA_USAGE = YES_ERROR;
				CLANG_WARN_EMPTY_BODY = YES;
				CLANG_WARN_ENUM_CONVERSION = YES;
				CLANG_WARN_INT_CONVERSION = YES;
				CLANG_WARN_OBJC_ROOT_CLASS = YES_ERROR;
				CLANG_WARN_UNREACHABLE_CODE = YES;
				CLANG_WARN__DUPLICATE_METHOD_MATCH = YES;
				"CODE_SIGN_IDENTITY[sdk=iphoneos*]" = "iPhone Developer";
				COPY_PHASE_STRIP = NO;
				DEBUG_INFORMATION_FORMAT = "dwarf-with-dsym";
				ENABLE_NS_ASSERTIONS = NO;
				ENABLE_STRICT_OBJC_MSGSEND = YES;
				GCC_C_LANGUAGE_STANDARD = gnu99;
				GCC_NO_COMMON_BLOCKS = YES;
				GCC_WARN_64_TO_32_BIT_CONVERSION = YES;
				GCC_WARN_ABOUT_RETURN_TYPE = YES_ERROR;
				GCC_WARN_UNDECLARED_SELECTOR = YES;
				GCC_WARN_UNINITIALIZED_AUTOS = YES_AGGRESSIVE;
				GCC_WARN_UNUSED_FUNCTION = YES;
				GCC_WARN_UNUSED_VARIABLE = YES;
				IPHONEOS_DEPLOYMENT_TARGET = 8.4;
				MTL_ENABLE_DEBUG_INFO = NO;
				SDKROOT = iphoneos;
				TARGETED_DEVICE_FAMILY = "1,2";
				VALIDATE_PRODUCT = YES;
			};
			name = Release;
		};
		185F304A1B50CCB5008AB77B /* Debug */ = {
			isa = XCBuildConfiguration;
			baseConfigurationReference = 7DF1B32C7FE593191CAF8978 /* Pods-Tips.debug.xcconfig */;
			buildSettings = {
				ASSETCATALOG_COMPILER_APPICON_NAME = AppIcon;
				CLANG_ENABLE_MODULES = YES;
				INFOPLIST_FILE = Tips/Info.plist;
				LD_RUNPATH_SEARCH_PATHS = "$(inherited) @executable_path/Frameworks";
				PRODUCT_NAME = "$(TARGET_NAME)";
				SWIFT_OBJC_BRIDGING_HEADER = "Tips/SWRevealViewController/Tips-Bridging-Header.h";
				SWIFT_OPTIMIZATION_LEVEL = "-Onone";
			};
			name = Debug;
		};
		185F304B1B50CCB5008AB77B /* Release */ = {
			isa = XCBuildConfiguration;
			baseConfigurationReference = 85A4C09C341DE82BCCDAEF1A /* Pods-Tips.release.xcconfig */;
			buildSettings = {
				ASSETCATALOG_COMPILER_APPICON_NAME = AppIcon;
				CLANG_ENABLE_MODULES = YES;
				INFOPLIST_FILE = Tips/Info.plist;
				LD_RUNPATH_SEARCH_PATHS = "$(inherited) @executable_path/Frameworks";
				PRODUCT_NAME = "$(TARGET_NAME)";
				SWIFT_OBJC_BRIDGING_HEADER = "Tips/SWRevealViewController/Tips-Bridging-Header.h";
			};
			name = Release;
		};
		185F304D1B50CCB5008AB77B /* Debug */ = {
			isa = XCBuildConfiguration;
			buildSettings = {
				BUNDLE_LOADER = "$(TEST_HOST)";
				FRAMEWORK_SEARCH_PATHS = (
					"$(SDKROOT)/Developer/Library/Frameworks",
					"$(inherited)",
				);
				GCC_PREPROCESSOR_DEFINITIONS = (
					"DEBUG=1",
					"$(inherited)",
				);
				INFOPLIST_FILE = TipsTests/Info.plist;
				LD_RUNPATH_SEARCH_PATHS = "$(inherited) @executable_path/Frameworks @loader_path/Frameworks";
				PRODUCT_NAME = "$(TARGET_NAME)";
				TEST_HOST = "$(BUILT_PRODUCTS_DIR)/Tips.app/Tips";
			};
			name = Debug;
		};
		185F304E1B50CCB5008AB77B /* Release */ = {
			isa = XCBuildConfiguration;
			buildSettings = {
				BUNDLE_LOADER = "$(TEST_HOST)";
				FRAMEWORK_SEARCH_PATHS = (
					"$(SDKROOT)/Developer/Library/Frameworks",
					"$(inherited)",
				);
				INFOPLIST_FILE = TipsTests/Info.plist;
				LD_RUNPATH_SEARCH_PATHS = "$(inherited) @executable_path/Frameworks @loader_path/Frameworks";
				PRODUCT_NAME = "$(TARGET_NAME)";
				TEST_HOST = "$(BUILT_PRODUCTS_DIR)/Tips.app/Tips";
			};
			name = Release;
		};
/* End XCBuildConfiguration section */

/* Begin XCConfigurationList section */
		185F30251B50CCB5008AB77B /* Build configuration list for PBXProject "Tips" */ = {
			isa = XCConfigurationList;
			buildConfigurations = (
				185F30471B50CCB5008AB77B /* Debug */,
				185F30481B50CCB5008AB77B /* Release */,
			);
			defaultConfigurationIsVisible = 0;
			defaultConfigurationName = Release;
		};
		185F30491B50CCB5008AB77B /* Build configuration list for PBXNativeTarget "Tips" */ = {
			isa = XCConfigurationList;
			buildConfigurations = (
				185F304A1B50CCB5008AB77B /* Debug */,
				185F304B1B50CCB5008AB77B /* Release */,
			);
			defaultConfigurationIsVisible = 0;
			defaultConfigurationName = Release;
		};
		185F304C1B50CCB5008AB77B /* Build configuration list for PBXNativeTarget "TipsTests" */ = {
			isa = XCConfigurationList;
			buildConfigurations = (
				185F304D1B50CCB5008AB77B /* Debug */,
				185F304E1B50CCB5008AB77B /* Release */,
			);
			defaultConfigurationIsVisible = 0;
			defaultConfigurationName = Release;
		};
/* End XCConfigurationList section */
	};
	rootObject = 185F30221B50CCB5008AB77B /* Project object */;
}
